
Microsoft Visual Studio Solution File, Format Version 12.00
# Visual Studio Version 16
VisualStudioVersion = 16.0.31205.134
MinimumVisualStudioVersion = 10.0.40219.1
Project("{FAE04EC0-301F-11D3-BF4B-00C04F79EFBC}") = "NYT Bot1", "NYT Bot1\NYT Bot1.csproj", "{4DB8A3D3-1FBF-4C88-9C66-8999621E82F6}"
EndProject
Global
	GlobalSection(SolutionConfigurationPlatforms) = preSolution
		Debug|Any CPU = Debug|Any CPU
		Release|Any CPU = Release|Any CPU
	EndGlobalSection
	GlobalSection(ProjectConfigurationPlatforms) = postSolution
		{4DB8A3D3-1FBF-4C88-9C66-8999621E82F6}.Debug|Any CPU.ActiveCfg = Debug|Any CPU
		{4DB8A3D3-1FBF-4C88-9C66-8999621E82F6}.Debug|Any CPU.Build.0 = Debug|Any CPU
		{4DB8A3D3-1FBF-4C88-9C66-8999621E82F6}.Release|Any CPU.ActiveCfg = Release|Any CPU
		{4DB8A3D3-1FBF-4C88-9C66-8999621E82F6}.Release|Any CPU.Build.0 = Release|Any CPU
	EndGlobalSection
	GlobalSection(SolutionProperties) = preSolution
		HideSolutionNode = FALSE
	EndGlobalSection
	GlobalSection(ExtensibilityGlobals) = postSolution
		SolutionGuid = {CAC2F0EA-B52D-405A-984C-8BC39F021181}
	EndGlobalSection
EndGlobal
